// !$*UTF8*$!
{
	archiveVersion = 1;
	classes = {
	};
	objectVersion = 48;
	objects = {

/* Begin PBXBuildFile section */
		98B800521FAAB682004D12EE /* AppDelegate.swift in Sources */ = {isa = PBXBuildFile; fileRef = 98B800511FAAB682004D12EE /* AppDelegate.swift */; };
		98B800541FAAB682004D12EE /* ViewController.swift in Sources */ = {isa = PBXBuildFile; fileRef = 98B800531FAAB682004D12EE /* ViewController.swift */; };
		98B800571FAAB683004D12EE /* Main.storyboard in Resources */ = {isa = PBXBuildFile; fileRef = 98B800551FAAB683004D12EE /* Main.storyboard */; };
		98B800591FAAB683004D12EE /* Assets.xcassets in Resources */ = {isa = PBXBuildFile; fileRef = 98B800581FAAB683004D12EE /* Assets.xcassets */; };
		98B8005C1FAAB683004D12EE /* LaunchScreen.storyboard in Resources */ = {isa = PBXBuildFile; fileRef = 98B8005A1FAAB683004D12EE /* LaunchScreen.storyboard */; };
		98B800671FAAB683004D12EE /* ChatAppTests.swift in Sources */ = {isa = PBXBuildFile; fileRef = 98B800661FAAB683004D12EE /* ChatAppTests.swift */; };
		98B800721FAAB683004D12EE /* ChatAppUITests.swift in Sources */ = {isa = PBXBuildFile; fileRef = 98B800711FAAB683004D12EE /* ChatAppUITests.swift */; };
/* End PBXBuildFile section */

/* Begin PBXContainerItemProxy section */
		98B800631FAAB683004D12EE /* PBXContainerItemProxy */ = {
			isa = PBXContainerItemProxy;
			containerPortal = 98B800461FAAB682004D12EE /* Project object */;
			proxyType = 1;
			remoteGlobalIDString = 98B8004D1FAAB682004D12EE;
			remoteInfo = ChatApp;
		};
		98B8006E1FAAB683004D12EE /* PBXContainerItemProxy */ = {
			isa = PBXContainerItemProxy;
			containerPortal = 98B800461FAAB682004D12EE /* Project object */;
			proxyType = 1;
			remoteGlobalIDString = 98B8004D1FAAB682004D12EE;
			remoteInfo = ChatApp;
		};
/* End PBXContainerItemProxy section */

/* Begin PBXFileReference section */
		98B8004E1FAAB682004D12EE /* ChatApp.app */ = {isa = PBXFileReference; explicitFileType = wrapper.application; includeInIndex = 0; path = ChatApp.app; sourceTree = BUILT_PRODUCTS_DIR; };
		98B800511FAAB682004D12EE /* AppDelegate.swift */ = {isa = PBXFileReference; lastKnownFileType = sourcecode.swift; path = AppDelegate.swift; sourceTree = "<group>"; };
		98B800531FAAB682004D12EE /* ViewController.swift */ = {isa = PBXFileReference; lastKnownFileType = sourcecode.swift; path = ViewController.swift; sourceTree = "<group>"; };
		98B800561FAAB683004D12EE /* Base */ = {isa = PBXFileReference; lastKnownFileType = file.storyboard; name = Base; path = Base.lproj/Main.storyboard; sourceTree = "<group>"; };
		98B800581FAAB683004D12EE /* Assets.xcassets */ = {isa = PBXFileReference; lastKnownFileType = folder.assetcatalog; path = Assets.xcassets; sourceTree = "<group>"; };
		98B8005B1FAAB683004D12EE /* Base */ = {isa = PBXFileReference; lastKnownFileType = file.storyboard; name = Base; path = Base.lproj/LaunchScreen.storyboard; sourceTree = "<group>"; };
		98B8005D1FAAB683004D12EE /* Info.plist */ = {isa = PBXFileReference; lastKnownFileType = text.plist.xml; path = Info.plist; sourceTree = "<group>"; };
		98B800621FAAB683004D12EE /* ChatAppTests.xctest */ = {isa = PBXFileReference; explicitFileType = wrapper.cfbundle; includeInIndex = 0; path = ChatAppTests.xctest; sourceTree = BUILT_PRODUCTS_DIR; };
		98B800661FAAB683004D12EE /* ChatAppTests.swift */ = {isa = PBXFileReference; lastKnownFileType = sourcecode.swift; path = ChatAppTests.swift; sourceTree = "<group>"; };
		98B800681FAAB683004D12EE /* Info.plist */ = {isa = PBXFileReference; lastKnownFileType = text.plist.xml; path = Info.plist; sourceTree = "<group>"; };
		98B8006D1FAAB683004D12EE /* ChatAppUITests.xctest */ = {isa = PBXFileReference; explicitFileType = wrapper.cfbundle; includeInIndex = 0; path = ChatAppUITests.xctest; sourceTree = BUILT_PRODUCTS_DIR; };
		98B800711FAAB683004D12EE /* ChatAppUITests.swift */ = {isa = PBXFileReference; lastKnownFileType = sourcecode.swift; path = ChatAppUITests.swift; sourceTree = "<group>"; };
		98B800731FAAB683004D12EE /* Info.plist */ = {isa = PBXFileReference; lastKnownFileType = text.plist.xml; path = Info.plist; sourceTree = "<group>"; };
/* End PBXFileReference section */

/* Begin PBXFrameworksBuildPhase section */
		98B8004B1FAAB682004D12EE /* Frameworks */ = {
			isa = PBXFrameworksBuildPhase;
			buildActionMask = 2147483647;
			files = (
			);
			runOnlyForDeploymentPostprocessing = 0;
		};
		98B8005F1FAAB683004D12EE /* Frameworks */ = {
			isa = PBXFrameworksBuildPhase;
			buildActionMask = 2147483647;
			files = (
			);
			runOnlyForDeploymentPostprocessing = 0;
		};
		98B8006A1FAAB683004D12EE /* Frameworks */ = {
			isa = PBXFrameworksBuildPhase;
			buildActionMask = 2147483647;
			files = (
			);
			runOnlyForDeploymentPostprocessing = 0;
		};
/* End PBXFrameworksBuildPhase section */

/* Begin PBXGroup section */
		98B800451FAAB682004D12EE = {
			isa = PBXGroup;
			children = (
				98B800501FAAB682004D12EE /* ChatApp */,
				98B800651FAAB683004D12EE /* ChatAppTests */,
				98B800701FAAB683004D12EE /* ChatAppUITests */,
				98B8004F1FAAB682004D12EE /* Products */,
			);
			sourceTree = "<group>";
		};
		98B8004F1FAAB682004D12EE /* Products */ = {
			isa = PBXGroup;
			children = (
				98B8004E1FAAB682004D12EE /* ChatApp.app */,
				98B800621FAAB683004D12EE /* ChatAppTests.xctest */,
				98B8006D1FAAB683004D12EE /* ChatAppUITests.xctest */,
			);
			name = Products;
			sourceTree = "<group>";
		};
		98B800501FAAB682004D12EE /* ChatApp */ = {
			isa = PBXGroup;
			children = (
				98B800511FAAB682004D12EE /* AppDelegate.swift */,
				98B800531FAAB682004D12EE /* ViewController.swift */,
				98B800551FAAB683004D12EE /* Main.storyboard */,
				98B800581FAAB683004D12EE /* Assets.xcassets */,
				98B8005A1FAAB683004D12EE /* LaunchScreen.storyboard */,
				98B8005D1FAAB683004D12EE /* Info.plist */,
			);
			path = ChatApp;
			sourceTree = "<group>";
		};
		98B800651FAAB683004D12EE /* ChatAppTests */ = {
			isa = PBXGroup;
			children = (
				98B800661FAAB683004D12EE /* ChatAppTests.swift */,
				98B800681FAAB683004D12EE /* Info.plist */,
			);
			path = ChatAppTests;
			sourceTree = "<group>";
		};
		98B800701FAAB683004D12EE /* ChatAppUITests */ = {
			isa = PBXGroup;
			children = (
				98B800711FAAB683004D12EE /* ChatAppUITests.swift */,
				98B800731FAAB683004D12EE /* Info.plist */,
			);
			path = ChatAppUITests;
			sourceTree = "<group>";
		};
/* End PBXGroup section */

/* Begin PBXNativeTarget section */
		98B8004D1FAAB682004D12EE /* ChatApp */ = {
			isa = PBXNativeTarget;
			buildConfigurationList = 98B800761FAAB683004D12EE /* Build configuration list for PBXNativeTarget "ChatApp" */;
			buildPhases = (
				98B8004A1FAAB682004D12EE /* Sources */,
				98B8004B1FAAB682004D12EE /* Frameworks */,
				98B8004C1FAAB682004D12EE /* Resources */,
			);
			buildRules = (
			);
			dependencies = (
			);
			name = ChatApp;
			productName = ChatApp;
			productReference = 98B8004E1FAAB682004D12EE /* ChatApp.app */;
			productType = "com.apple.product-type.application";
		};
		98B800611FAAB683004D12EE /* ChatAppTests */ = {
			isa = PBXNativeTarget;
			buildConfigurationList = 98B800791FAAB683004D12EE /* Build configuration list for PBXNativeTarget "ChatAppTests" */;
			buildPhases = (
				98B8005E1FAAB683004D12EE /* Sources */,
				98B8005F1FAAB683004D12EE /* Frameworks */,
				98B800601FAAB683004D12EE /* Resources */,
			);
			buildRules = (
			);
			dependencies = (
				98B800641FAAB683004D12EE /* PBXTargetDependency */,
			);
			name = ChatAppTests;
			productName = ChatAppTests;
			productReference = 98B800621FAAB683004D12EE /* ChatAppTests.xctest */;
			productType = "com.apple.product-type.bundle.unit-test";
		};
		98B8006C1FAAB683004D12EE /* ChatAppUITests */ = {
			isa = PBXNativeTarget;
			buildConfigurationList = 98B8007C1FAAB683004D12EE /* Build configuration list for PBXNativeTarget "ChatAppUITests" */;
			buildPhases = (
				98B800691FAAB683004D12EE /* Sources */,
				98B8006A1FAAB683004D12EE /* Frameworks */,
				98B8006B1FAAB683004D12EE /* Resources */,
			);
			buildRules = (
			);
			dependencies = (
				98B8006F1FAAB683004D12EE /* PBXTargetDependency */,
			);
			name = ChatAppUITests;
			productName = ChatAppUITests;
			productReference = 98B8006D1FAAB683004D12EE /* ChatAppUITests.xctest */;
			productType = "com.apple.product-type.bundle.ui-testing";
		};
/* End PBXNativeTarget section */

/* Begin PBXProject section */
		98B800461FAAB682004D12EE /* Project object */ = {
			isa = PBXProject;
			attributes = {
				LastSwiftUpdateCheck = 0900;
				LastUpgradeCheck = 0900;
				ORGANIZATIONNAME = "Rebecca Hirsch";
				TargetAttributes = {
					98B8004D1FAAB682004D12EE = {
						CreatedOnToolsVersion = 9.0.1;
						ProvisioningStyle = Automatic;
					};
					98B800611FAAB683004D12EE = {
						CreatedOnToolsVersion = 9.0.1;
						ProvisioningStyle = Automatic;
						TestTargetID = 98B8004D1FAAB682004D12EE;
					};
					98B8006C1FAAB683004D12EE = {
						CreatedOnToolsVersion = 9.0.1;
						ProvisioningStyle = Automatic;
						TestTargetID = 98B8004D1FAAB682004D12EE;
					};
				};
			};
			buildConfigurationList = 98B800491FAAB682004D12EE /* Build configuration list for PBXProject "ChatApp" */;
			compatibilityVersion = "Xcode 8.0";
			developmentRegion = en;
			hasScannedForEncodings = 0;
			knownRegions = (
				en,
				Base,
			);
			mainGroup = 98B800451FAAB682004D12EE;
			productRefGroup = 98B8004F1FAAB682004D12EE /* Products */;
			projectDirPath = "";
			projectRoot = "";
			targets = (
				98B8004D1FAAB682004D12EE /* ChatApp */,
				98B800611FAAB683004D12EE /* ChatAppTests */,
				98B8006C1FAAB683004D12EE /* ChatAppUITests */,
			);
		};
/* End PBXProject section */

/* Begin PBXResourcesBuildPhase section */
		98B8004C1FAAB682004D12EE /* Resources */ = {
			isa = PBXResourcesBuildPhase;
			buildActionMask = 2147483647;
			files = (
				98B8005C1FAAB683004D12EE /* LaunchScreen.storyboard in Resources */,
				98B800591FAAB683004D12EE /* Assets.xcassets in Resources */,
				98B800571FAAB683004D12EE /* Main.storyboard in Resources */,
			);
			runOnlyForDeploymentPostprocessing = 0;
		};
		98B800601FAAB683004D12EE /* Resources */ = {
			isa = PBXResourcesBuildPhase;
			buildActionMask = 2147483647;
			files = (
			);
			runOnlyForDeploymentPostprocessing = 0;
		};
		98B8006B1FAAB683004D12EE /* Resources */ = {
			isa = PBXResourcesBuildPhase;
			buildActionMask = 2147483647;
			files = (
			);
			runOnlyForDeploymentPostprocessing = 0;
		};
/* End PBXResourcesBuildPhase section */

/* Begin PBXSourcesBuildPhase section */
		98B8004A1FAAB682004D12EE /* Sources */ = {
			isa = PBXSourcesBuildPhase;
			buildActionMask = 2147483647;
			files = (
				98B800541FAAB682004D12EE /* ViewController.swift in Sources */,
				98B800521FAAB682004D12EE /* AppDelegate.swift in Sources */,
			);
			runOnlyForDeploymentPostprocessing = 0;
		};
		98B8005E1FAAB683004D12EE /* Sources */ = {
			isa = PBXSourcesBuildPhase;
			buildActionMask = 2147483647;
			files = (
				98B800671FAAB683004D12EE /* ChatAppTests.swift in Sources */,
			);
			runOnlyForDeploymentPostprocessing = 0;
		};
		98B800691FAAB683004D12EE /* Sources */ = {
			isa = PBXSourcesBuildPhase;
			buildActionMask = 2147483647;
			files = (
				98B800721FAAB683004D12EE /* ChatAppUITests.swift in Sources */,
			);
			runOnlyForDeploymentPostprocessing = 0;
		};
/* End PBXSourcesBuildPhase section */

/* Begin PBXTargetDependency section */
		98B800641FAAB683004D12EE /* PBXTargetDependency */ = {
			isa = PBXTargetDependency;
			target = 98B8004D1FAAB682004D12EE /* ChatApp */;
			targetProxy = 98B800631FAAB683004D12EE /* PBXContainerItemProxy */;
		};
		98B8006F1FAAB683004D12EE /* PBXTargetDependency */ = {
			isa = PBXTargetDependency;
			target = 98B8004D1FAAB682004D12EE /* ChatApp */;
			targetProxy = 98B8006E1FAAB683004D12EE /* PBXContainerItemProxy */;
		};
/* End PBXTargetDependency section */

/* Begin PBXVariantGroup section */
		98B800551FAAB683004D12EE /* Main.storyboard */ = {
			isa = PBXVariantGroup;
			children = (
				98B800561FAAB683004D12EE /* Base */,
			);
			name = Main.storyboard;
			sourceTree = "<group>";
		};
		98B8005A1FAAB683004D12EE /* LaunchScreen.storyboard */ = {
			isa = PBXVariantGroup;
			children = (
				98B8005B1FAAB683004D12EE /* Base */,
			);
			name = LaunchScreen.storyboard;
			sourceTree = "<group>";
		};
/* End PBXVariantGroup section */

/* Begin XCBuildConfiguration section */
		98B800741FAAB683004D12EE /* Debug */ = {
			isa = XCBuildConfiguration;
			buildSettings = {
				ALWAYS_SEARCH_USER_PATHS = NO;
				CLANG_ANALYZER_NONNULL = YES;
				CLANG_ANALYZER_NUMBER_OBJECT_CONVERSION = YES_AGGRESSIVE;
				CLANG_CXX_LANGUAGE_STANDARD = "gnu++14";
				CLANG_CXX_LIBRARY = "libc++";
				CLANG_ENABLE_MODULES = YES;
				CLANG_ENABLE_OBJC_ARC = YES;
				CLANG_WARN_BLOCK_CAPTURE_AUTORELEASING = YES;
				CLANG_WARN_BOOL_CONVERSION = YES;
				CLANG_WARN_COMMA = YES;
				CLANG_WARN_CONSTANT_CONVERSION = YES;
				CLANG_WARN_DIRECT_OBJC_ISA_USAGE = YES_ERROR;
				CLANG_WARN_DOCUMENTATION_COMMENTS = YES;
				CLANG_WARN_EMPTY_BODY = YES;
				CLANG_WARN_ENUM_CONVERSION = YES;
				CLANG_WARN_INFINITE_RECURSION = YES;
				CLANG_WARN_INT_CONVERSION = YES;
				CLANG_WARN_NON_LITERAL_NULL_CONVERSION = YES;
				CLANG_WARN_OBJC_LITERAL_CONVERSION = YES;
				CLANG_WARN_OBJC_ROOT_CLASS = YES_ERROR;
				CLANG_WARN_RANGE_LOOP_ANALYSIS = YES;
				CLANG_WARN_STRICT_PROTOTYPES = YES;
				CLANG_WARN_SUSPICIOUS_MOVE = YES;
				CLANG_WARN_UNGUARDED_AVAILABILITY = YES_AGGRESSIVE;
				CLANG_WARN_UNREACHABLE_CODE = YES;
				CLANG_WARN__DUPLICATE_METHOD_MATCH = YES;
				CODE_SIGN_IDENTITY = "iPhone Developer";
				COPY_PHASE_STRIP = NO;
				DEBUG_INFORMATION_FORMAT = dwarf;
				ENABLE_STRICT_OBJC_MSGSEND = YES;
				ENABLE_TESTABILITY = YES;
				GCC_C_LANGUAGE_STANDARD = gnu11;
				GCC_DYNAMIC_NO_PIC = NO;
				GCC_NO_COMMON_BLOCKS = YES;
				GCC_OPTIMIZATION_LEVEL = 0;
				GCC_PREPROCESSOR_DEFINITIONS = (
					"DEBUG=1",
					"$(inherited)",
				);
				GCC_WARN_64_TO_32_BIT_CONVERSION = YES;
				GCC_WARN_ABOUT_RETURN_TYPE = YES_ERROR;
				GCC_WARN_UNDECLARED_SELECTOR = YES;
				GCC_WARN_UNINITIALIZED_AUTOS = YES_AGGRESSIVE;
				GCC_WARN_UNUSED_FUNCTION = YES;
				GCC_WARN_UNUSED_VARIABLE = YES;
				IPHONEOS_DEPLOYMENT_TARGET = 11.0;
				MTL_ENABLE_DEBUG_INFO = YES;
				ONLY_ACTIVE_ARCH = YES;
				SDKROOT = iphoneos;
				SWIFT_ACTIVE_COMPILATION_CONDITIONS = DEBUG;
				SWIFT_OPTIMIZATION_LEVEL = "-Onone";
			};
			name = Debug;
		};
		98B800751FAAB683004D12EE /* Release */ = {
			isa = XCBuildConfiguration;
			buildSettings = {
				ALWAYS_SEARCH_USER_PATHS = NO;
				CLANG_ANALYZER_NONNULL = YES;
				CLANG_ANALYZER_NUMBER_OBJECT_CONVERSION = YES_AGGRESSIVE;
				CLANG_CXX_LANGUAGE_STANDARD = "gnu++14";
				CLANG_CXX_LIBRARY = "libc++";
				CLANG_ENABLE_MODULES = YES;
				CLANG_ENABLE_OBJC_ARC = YES;
				CLANG_WARN_BLOCK_CAPTURE_AUTORELEASING = YES;
				CLANG_WARN_BOOL_CONVERSION = YES;
				CLANG_WARN_COMMA = YES;
				CLANG_WARN_CONSTANT_CONVERSION = YES;
				CLANG_WARN_DIRECT_OBJC_ISA_USAGE = YES_ERROR;
				CLANG_WARN_DOCUMENTATION_COMMENTS = YES;
				CLANG_WARN_EMPTY_BODY = YES;
				CLANG_WARN_ENUM_CONVERSION = YES;
				CLANG_WARN_INFINITE_RECURSION = YES;
				CLANG_WARN_INT_CONVERSION = YES;
				CLANG_WARN_NON_LITERAL_NULL_CONVERSION = YES;
				CLANG_WARN_OBJC_LITERAL_CONVERSION = YES;
				CLANG_WARN_OBJC_ROOT_CLASS = YES_ERROR;
				CLANG_WARN_RANGE_LOOP_ANALYSIS = YES;
				CLANG_WARN_STRICT_PROTOTYPES = YES;
				CLANG_WARN_SUSPICIOUS_MOVE = YES;
				CLANG_WARN_UNGUARDED_AVAILABILITY = YES_AGGRESSIVE;
				CLANG_WARN_UNREACHABLE_CODE = YES;
				CLANG_WARN__DUPLICATE_METHOD_MATCH = YES;
				CODE_SIGN_IDENTITY = "iPhone Developer";
				COPY_PHASE_STRIP = NO;
				DEBUG_INFORMATION_FORMAT = "dwarf-with-dsym";
				ENABLE_NS_ASSERTIONS = NO;
				ENABLE_STRICT_OBJC_MSGSEND = YES;
				GCC_C_LANGUAGE_STANDARD = gnu11;
				GCC_NO_COMMON_BLOCKS = YES;
				GCC_WARN_64_TO_32_BIT_CONVERSION = YES;
				GCC_WARN_ABOUT_RETURN_TYPE = YES_ERROR;
				GCC_WARN_UNDECLARED_SELECTOR = YES;
				GCC_WARN_UNINITIALIZED_AUTOS = YES_AGGRESSIVE;
				GCC_WARN_UNUSED_FUNCTION = YES;
				GCC_WARN_UNUSED_VARIABLE = YES;
				IPHONEOS_DEPLOYMENT_TARGET = 11.0;
				MTL_ENABLE_DEBUG_INFO = NO;
				SDKROOT = iphoneos;
				SWIFT_OPTIMIZATION_LEVEL = "-Owholemodule";
				VALIDATE_PRODUCT = YES;
			};
			name = Release;
		};
		98B800771FAAB683004D12EE /* Debug */ = {
			isa = XCBuildConfiguration;
			buildSettings = {
				ASSETCATALOG_COMPILER_APPICON_NAME = AppIcon;
				CODE_SIGN_STYLE = Automatic;
				INFOPLIST_FILE = ChatApp/Info.plist;
				LD_RUNPATH_SEARCH_PATHS = "$(inherited) @executable_path/Frameworks";
				PRODUCT_BUNDLE_IDENTIFIER = com.citrusCircuits.ChatApp;
				PRODUCT_NAME = "$(TARGET_NAME)";
				SWIFT_VERSION = 4.0;
				TARGETED_DEVICE_FAMILY = "1,2";
			};
			name = Debug;
		};
		98B800781FAAB683004D12EE /* Release */ = {
			isa = XCBuildConfiguration;
			buildSettings = {
				ASSETCATALOG_COMPILER_APPICON_NAME = AppIcon;
				CODE_SIGN_STYLE = Automatic;
				INFOPLIST_FILE = ChatApp/Info.plist;
				LD_RUNPATH_SEARCH_PATHS = "$(inherited) @executable_path/Frameworks";
				PRODUCT_BUNDLE_IDENTIFIER = com.citrusCircuits.ChatApp;
				PRODUCT_NAME = "$(TARGET_NAME)";
				SWIFT_VERSION = 4.0;
				TARGETED_DEVICE_FAMILY = "1,2";
			};
			name = Release;
		};
		98B8007A1FAAB683004D12EE /* Debug */ = {
			isa = XCBuildConfiguration;
			buildSettings = {
				ALWAYS_EMBED_SWIFT_STANDARD_LIBRARIES = YES;
				BUNDLE_LOADER = "$(TEST_HOST)";
				CODE_SIGN_STYLE = Automatic;
				INFOPLIST_FILE = ChatAppTests/Info.plist;
				LD_RUNPATH_SEARCH_PATHS = "$(inherited) @executable_path/Frameworks @loader_path/Frameworks";
				PRODUCT_BUNDLE_IDENTIFIER = com.citrusCircuits.ChatAppTests;
				PRODUCT_NAME = "$(TARGET_NAME)";
				SWIFT_VERSION = 4.0;
				TARGETED_DEVICE_FAMILY = "1,2";
				TEST_HOST = "$(BUILT_PRODUCTS_DIR)/ChatApp.app/ChatApp";
			};
			name = Debug;
		};
		98B8007B1FAAB683004D12EE /* Release */ = {
			isa = XCBuildConfiguration;
			buildSettings = {
				ALWAYS_EMBED_SWIFT_STANDARD_LIBRARIES = YES;
				BUNDLE_LOADER = "$(TEST_HOST)";
				CODE_SIGN_STYLE = Automatic;
				INFOPLIST_FILE = ChatAppTests/Info.plist;
				LD_RUNPATH_SEARCH_PATHS = "$(inherited) @executable_path/Frameworks @loader_path/Frameworks";
				PRODUCT_BUNDLE_IDENTIFIER = com.citrusCircuits.ChatAppTests;
				PRODUCT_NAME = "$(TARGET_NAME)";
				SWIFT_VERSION = 4.0;
				TARGETED_DEVICE_FAMILY = "1,2";
				TEST_HOST = "$(BUILT_PRODUCTS_DIR)/ChatApp.app/ChatApp";
			};
			name = Release;
		};
		98B8007D1FAAB683004D12EE /* Debug */ = {
			isa = XCBuildConfiguration;
			buildSettings = {
				ALWAYS_EMBED_SWIFT_STANDARD_LIBRARIES = YES;
				CODE_SIGN_STYLE = Automatic;
				INFOPLIST_FILE = ChatAppUITests/Info.plist;
				LD_RUNPATH_SEARCH_PATHS = "$(inherited) @executable_path/Frameworks @loader_path/Frameworks";
				PRODUCT_BUNDLE_IDENTIFIER = com.citrusCircuits.ChatAppUITests;
				PRODUCT_NAME = "$(TARGET_NAME)";
				SWIFT_VERSION = 4.0;
				TARGETED_DEVICE_FAMILY = "1,2";
				TEST_TARGET_NAME = ChatApp;
			};
			name = Debug;
		};
		98B8007E1FAAB683004D12EE /* Release */ = {
			isa = XCBuildConfiguration;
			buildSettings = {
				ALWAYS_EMBED_SWIFT_STANDARD_LIBRARIES = YES;
				CODE_SIGN_STYLE = Automatic;
				INFOPLIST_FILE = ChatAppUITests/Info.plist;
				LD_RUNPATH_SEARCH_PATHS = "$(inherited) @executable_path/Frameworks @loader_path/Frameworks";
				PRODUCT_BUNDLE_IDENTIFIER = com.citrusCircuits.ChatAppUITests;
				PRODUCT_NAME = "$(TARGET_NAME)";
				SWIFT_VERSION = 4.0;
				TARGETED_DEVICE_FAMILY = "1,2";
				TEST_TARGET_NAME = ChatApp;
			};
			name = Release;
		};
/* End XCBuildConfiguration section */

/* Begin XCConfigurationList section */
		98B800491FAAB682004D12EE /* Build configuration list for PBXProject "ChatApp" */ = {
			isa = XCConfigurationList;
			buildConfigurations = (
				98B800741FAAB683004D12EE /* Debug */,
				98B800751FAAB683004D12EE /* Release */,
			);
			defaultConfigurationIsVisible = 0;
			defaultConfigurationName = Release;
		};
		98B800761FAAB683004D12EE /* Build configuration list for PBXNativeTarget "ChatApp" */ = {
			isa = XCConfigurationList;
			buildConfigurations = (
				98B800771FAAB683004D12EE /* Debug */,
				98B800781FAAB683004D12EE /* Release */,
			);
			defaultConfigurationIsVisible = 0;
			defaultConfigurationName = Release;
		};
		98B800791FAAB683004D12EE /* Build configuration list for PBXNativeTarget "ChatAppTests" */ = {
			isa = XCConfigurationList;
			buildConfigurations = (
				98B8007A1FAAB683004D12EE /* Debug */,
				98B8007B1FAAB683004D12EE /* Release */,
			);
			defaultConfigurationIsVisible = 0;
			defaultConfigurationName = Release;
		};
		98B8007C1FAAB683004D12EE /* Build configuration list for PBXNativeTarget "ChatAppUITests" */ = {
			isa = XCConfigurationList;
			buildConfigurations = (
				98B8007D1FAAB683004D12EE /* Debug */,
				98B8007E1FAAB683004D12EE /* Release */,
			);
			defaultConfigurationIsVisible = 0;
			defaultConfigurationName = Release;
		};
/* End XCConfigurationList section */
	};
	rootObject = 98B800461FAAB682004D12EE /* Project object */;
}
